
Microsoft Visual Studio Solution File, Format Version 12.00
# Visual Studio 15
VisualStudioVersion = 15.0.27703.2042
MinimumVisualStudioVersion = 10.0.40219.1
Project("{9A19103F-16F7-4668-BE54-9A1E7A4F7556}") = "Gap.Infrastructure", "src\Infrastructure\Gap.Infrastructure\Gap.Infrastructure.csproj", "{73ABE2C0-3A6E-4D3C-8A00-0FABE78C8EEC}"
EndProject
Project("{2150E333-8FDC-42A3-9474-1A3956D46DE8}") = "src", "src", "{C0718524-4785-440A-9F21-0B08A45EF64B}"
EndProject
Project("{2150E333-8FDC-42A3-9474-1A3956D46DE8}") = "Application", "Application", "{299BF743-D27E-4344-B925-F05B2462899D}"
EndProject
Project("{2150E333-8FDC-42A3-9474-1A3956D46DE8}") = "Domain", "Domain", "{4686DFED-5D11-42CF-8BDE-6097319B1E5E}"
EndProject
Project("{2150E333-8FDC-42A3-9474-1A3956D46DE8}") = "Infrastructure", "Infrastructure", "{F7F2FF9C-DDD6-41AB-AAF4-906C9CE924AA}"
EndProject
Project("{2150E333-8FDC-42A3-9474-1A3956D46DE8}") = "Web Apps", "Web Apps", "{61AED49F-219C-45D6-8C20-BF79E4940F2A}"
EndProject
Project("{9A19103F-16F7-4668-BE54-9A1E7A4F7556}") = "Gap.Infrastructure.WebHost", "src\Infrastructure\Gap.Infrastructure.WebHost\Gap.Infrastructure.WebHost.csproj", "{3EF47C08-9F47-44E8-A94F-356E971EC2E0}"
EndProject
Project("{2150E333-8FDC-42A3-9474-1A3956D46DE8}") = "Identity", "Identity", "{A5ECA289-367F-4D81-B37A-EBA50FEAB1EA}"
EndProject
Project("{2150E333-8FDC-42A3-9474-1A3956D46DE8}") = "Insurance", "Insurance", "{2E908EB0-8010-4DFD-8509-556644EF14FB}"
EndProject
Project("{2150E333-8FDC-42A3-9474-1A3956D46DE8}") = "Customer", "Customer", "{D8A50700-8D0D-479A-A94A-6C3CED0D33C9}"
EndProject
Project("{2150E333-8FDC-42A3-9474-1A3956D46DE8}") = "Insurance", "Insurance", "{E1679C7A-C5DD-4F51-806D-C5A5B7EEADB6}"
EndProject
Project("{9A19103F-16F7-4668-BE54-9A1E7A4F7556}") = "Gap.Domain.Customer", "src\Domain\Customer\Gap.Domain.Customer\Gap.Domain.Customer.csproj", "{833A5FEC-FAA9-4FC4-BC18-290CAF158228}"
EndProject
Project("{9A19103F-16F7-4668-BE54-9A1E7A4F7556}") = "Gap.Domain.Customer.UnitTest", "src\Domain\Customer\Gap.Domain.Customer.UnitTest\Gap.Domain.Customer.UnitTest.csproj", "{763AE255-6617-4208-B11A-94B67E163485}"
EndProject
Project("{9A19103F-16F7-4668-BE54-9A1E7A4F7556}") = "Gap.Domain.Insurance", "src\Domain\Insurance\Gap.Domain.Insurance\Gap.Domain.Insurance.csproj", "{32E3B1B8-3DBC-4517-8CB1-F7AFE0CA5D24}"
EndProject
Project("{9A19103F-16F7-4668-BE54-9A1E7A4F7556}") = "Gap.Domain.Insurance.UnitTest", "src\Domain\Insurance\Gap.Domain.Insurance.UnitTest\Gap.Domain.Insurance.UnitTest.csproj", "{71A20B4E-EB1D-425C-95D0-595145835EFC}"
EndProject
Project("{9A19103F-16F7-4668-BE54-9A1E7A4F7556}") = "Gap.Insurance.API", "src\Application\Gap.Insurance.API\Gap.Insurance.API.csproj", "{04710AA1-FE17-4812-A52C-316E19068E75}"
EndProject
Project("{E53339B2-1760-4266-BCC7-CA923CBCF16C}") = "docker-compose", "docker-compose.dcproj", "{FFD7548B-7B6B-4CB5-A881-00D4794460CB}"
EndProject
Project("{9A19103F-16F7-4668-BE54-9A1E7A4F7556}") = "Gap.Insurance.Identity", "src\Application\Gap.Insurance.Identity\Gap.Insurance.Identity.csproj", "{6151ED9A-B600-4A08-8491-AB2BAE049527}"
EndProject
Global
	GlobalSection(SolutionConfigurationPlatforms) = preSolution
		Debug|Any CPU = Debug|Any CPU
		Release|Any CPU = Release|Any CPU
	EndGlobalSection
	GlobalSection(ProjectConfigurationPlatforms) = postSolution
		{73ABE2C0-3A6E-4D3C-8A00-0FABE78C8EEC}.Debug|Any CPU.ActiveCfg = Debug|Any CPU
		{73ABE2C0-3A6E-4D3C-8A00-0FABE78C8EEC}.Debug|Any CPU.Build.0 = Debug|Any CPU
		{73ABE2C0-3A6E-4D3C-8A00-0FABE78C8EEC}.Release|Any CPU.ActiveCfg = Release|Any CPU
		{73ABE2C0-3A6E-4D3C-8A00-0FABE78C8EEC}.Release|Any CPU.Build.0 = Release|Any CPU
		{3EF47C08-9F47-44E8-A94F-356E971EC2E0}.Debug|Any CPU.ActiveCfg = Debug|Any CPU
		{3EF47C08-9F47-44E8-A94F-356E971EC2E0}.Debug|Any CPU.Build.0 = Debug|Any CPU
		{3EF47C08-9F47-44E8-A94F-356E971EC2E0}.Release|Any CPU.ActiveCfg = Release|Any CPU
		{3EF47C08-9F47-44E8-A94F-356E971EC2E0}.Release|Any CPU.Build.0 = Release|Any CPU
		{833A5FEC-FAA9-4FC4-BC18-290CAF158228}.Debug|Any CPU.ActiveCfg = Debug|Any CPU
		{833A5FEC-FAA9-4FC4-BC18-290CAF158228}.Debug|Any CPU.Build.0 = Debug|Any CPU
		{833A5FEC-FAA9-4FC4-BC18-290CAF158228}.Release|Any CPU.ActiveCfg = Release|Any CPU
		{833A5FEC-FAA9-4FC4-BC18-290CAF158228}.Release|Any CPU.Build.0 = Release|Any CPU
		{763AE255-6617-4208-B11A-94B67E163485}.Debug|Any CPU.ActiveCfg = Debug|Any CPU
		{763AE255-6617-4208-B11A-94B67E163485}.Debug|Any CPU.Build.0 = Debug|Any CPU
		{763AE255-6617-4208-B11A-94B67E163485}.Release|Any CPU.ActiveCfg = Release|Any CPU
		{763AE255-6617-4208-B11A-94B67E163485}.Release|Any CPU.Build.0 = Release|Any CPU
		{32E3B1B8-3DBC-4517-8CB1-F7AFE0CA5D24}.Debug|Any CPU.ActiveCfg = Debug|Any CPU
		{32E3B1B8-3DBC-4517-8CB1-F7AFE0CA5D24}.Debug|Any CPU.Build.0 = Debug|Any CPU
		{32E3B1B8-3DBC-4517-8CB1-F7AFE0CA5D24}.Release|Any CPU.ActiveCfg = Release|Any CPU
		{32E3B1B8-3DBC-4517-8CB1-F7AFE0CA5D24}.Release|Any CPU.Build.0 = Release|Any CPU
		{71A20B4E-EB1D-425C-95D0-595145835EFC}.Debug|Any CPU.ActiveCfg = Debug|Any CPU
		{71A20B4E-EB1D-425C-95D0-595145835EFC}.Debug|Any CPU.Build.0 = Debug|Any CPU
		{71A20B4E-EB1D-425C-95D0-595145835EFC}.Release|Any CPU.ActiveCfg = Release|Any CPU
		{71A20B4E-EB1D-425C-95D0-595145835EFC}.Release|Any CPU.Build.0 = Release|Any CPU
		{04710AA1-FE17-4812-A52C-316E19068E75}.Debug|Any CPU.ActiveCfg = Debug|Any CPU
		{04710AA1-FE17-4812-A52C-316E19068E75}.Debug|Any CPU.Build.0 = Debug|Any CPU
		{04710AA1-FE17-4812-A52C-316E19068E75}.Release|Any CPU.ActiveCfg = Release|Any CPU
		{04710AA1-FE17-4812-A52C-316E19068E75}.Release|Any CPU.Build.0 = Release|Any CPU
		{FFD7548B-7B6B-4CB5-A881-00D4794460CB}.Debug|Any CPU.ActiveCfg = Debug|Any CPU
		{FFD7548B-7B6B-4CB5-A881-00D4794460CB}.Debug|Any CPU.Build.0 = Debug|Any CPU
		{FFD7548B-7B6B-4CB5-A881-00D4794460CB}.Release|Any CPU.ActiveCfg = Release|Any CPU
		{FFD7548B-7B6B-4CB5-A881-00D4794460CB}.Release|Any CPU.Build.0 = Release|Any CPU
		{6151ED9A-B600-4A08-8491-AB2BAE049527}.Debug|Any CPU.ActiveCfg = Debug|Any CPU
		{6151ED9A-B600-4A08-8491-AB2BAE049527}.Debug|Any CPU.Build.0 = Debug|Any CPU
		{6151ED9A-B600-4A08-8491-AB2BAE049527}.Release|Any CPU.ActiveCfg = Release|Any CPU
		{6151ED9A-B600-4A08-8491-AB2BAE049527}.Release|Any CPU.Build.0 = Release|Any CPU
	EndGlobalSection
	GlobalSection(SolutionProperties) = preSolution
		HideSolutionNode = FALSE
	EndGlobalSection
	GlobalSection(NestedProjects) = preSolution
		{73ABE2C0-3A6E-4D3C-8A00-0FABE78C8EEC} = {F7F2FF9C-DDD6-41AB-AAF4-906C9CE924AA}
		{299BF743-D27E-4344-B925-F05B2462899D} = {C0718524-4785-440A-9F21-0B08A45EF64B}
		{4686DFED-5D11-42CF-8BDE-6097319B1E5E} = {C0718524-4785-440A-9F21-0B08A45EF64B}
		{F7F2FF9C-DDD6-41AB-AAF4-906C9CE924AA} = {C0718524-4785-440A-9F21-0B08A45EF64B}
		{61AED49F-219C-45D6-8C20-BF79E4940F2A} = {C0718524-4785-440A-9F21-0B08A45EF64B}
		{3EF47C08-9F47-44E8-A94F-356E971EC2E0} = {F7F2FF9C-DDD6-41AB-AAF4-906C9CE924AA}
		{A5ECA289-367F-4D81-B37A-EBA50FEAB1EA} = {299BF743-D27E-4344-B925-F05B2462899D}
		{2E908EB0-8010-4DFD-8509-556644EF14FB} = {299BF743-D27E-4344-B925-F05B2462899D}
		{D8A50700-8D0D-479A-A94A-6C3CED0D33C9} = {4686DFED-5D11-42CF-8BDE-6097319B1E5E}
		{E1679C7A-C5DD-4F51-806D-C5A5B7EEADB6} = {4686DFED-5D11-42CF-8BDE-6097319B1E5E}
		{833A5FEC-FAA9-4FC4-BC18-290CAF158228} = {D8A50700-8D0D-479A-A94A-6C3CED0D33C9}
		{763AE255-6617-4208-B11A-94B67E163485} = {D8A50700-8D0D-479A-A94A-6C3CED0D33C9}
		{32E3B1B8-3DBC-4517-8CB1-F7AFE0CA5D24} = {E1679C7A-C5DD-4F51-806D-C5A5B7EEADB6}
		{71A20B4E-EB1D-425C-95D0-595145835EFC} = {E1679C7A-C5DD-4F51-806D-C5A5B7EEADB6}
		{04710AA1-FE17-4812-A52C-316E19068E75} = {2E908EB0-8010-4DFD-8509-556644EF14FB}
		{6151ED9A-B600-4A08-8491-AB2BAE049527} = {A5ECA289-367F-4D81-B37A-EBA50FEAB1EA}
	EndGlobalSection
	GlobalSection(ExtensibilityGlobals) = postSolution
		SolutionGuid = {3E46BAC1-AD9D-4164-BBAB-83DBE7F59FCF}
	EndGlobalSection
EndGlobal
